github.com/EMurray16/Rgo v1.1.1 h1:CcVnlxEhHkOb/l+ZKZGqSnd/NZkChlnDUpOGmZ2FQq8=
github.com/EMurray16/Rgo v1.1.1/go.mod h1:aLODu0PPukfKl/r0Fi2ggmGBycOWlzt3BT8QgWj52so=
github.com/EMurray16/Rgo/rsexp v1.0.0 h1:AaXwH6JHYRipT3XtEddilQyd3ZgAVxZQTkhal/0NZQk=
github.com/EMurray16/Rgo/rsexp v1.0.0/go.mod h1:cbaKZLplPRR0bz6q6TJ01pc+EjOh6BuJF1dAkSB5BT0=
github.com/EMurray16/rgo/v2 v2.0.0 h1:+iQbkWynDlEn+jCmBfkvXI9DupfWdC34ja992r9+klE=
github.com/EMurray16/rgo/v2 v2.0.0/go.mod h1:VXCSmWlqPZ5Td3/Y6E56M2vDkGbIlP2R7+BL6thpJaI=
